# This file is automatically @generated by Cargo.
# It is not intended for manual editing.
version = 4

[[package]]
name = "fchat"
version = "0.1.0"

[[package]]
name = "fcommon"
version = "0.1.0"

[[package]]
name = "fmemory"
version = "0.1.0"

[[package]]
name = "fprovider"
version = "0.1.0"

[[package]]
name = "ftooling"
version = "0.1.0"
